
Microsoft Visual Studio Solution File, Format Version 12.00
# Visual Studio Version 16
VisualStudioVersion = 16.0.29806.167
MinimumVisualStudioVersion = 10.0.40219.1
Project("{9A19103F-16F7-4668-BE54-9A1E7A4F7556}") = "CoffeeMaker", "CoffeeMaker\CoffeeMaker.csproj", "{05DEEEF4-D417-4B25-AE46-DDD63BF3E451}"
EndProject
Project("{9A19103F-16F7-4668-BE54-9A1E7A4F7556}") = "StateMachine", "StateMachine\StateMachine.csproj", "{924FADAA-DF9E-48E9-BF5B-068D2BBB43A8}"
EndProject
Project("{9A19103F-16F7-4668-BE54-9A1E7A4F7556}") = "DSLTests", "DSLTests\DSLTests.csproj", "{30C4A74A-1E4E-4DE1-9CD4-B1F438FB7E9F}"
EndProject
Project("{FAE04EC0-301F-11D3-BF4B-00C04F79EFBC}") = "CookingHood", "CookingHood\CookingHood.csproj", "{269D88C8-0462-4A7F-B3E8-D43D2E4E5846}"
EndProject
Global
	GlobalSection(SolutionConfigurationPlatforms) = preSolution
		Debug|Any CPU = Debug|Any CPU
		Release|Any CPU = Release|Any CPU
	EndGlobalSection
	GlobalSection(ProjectConfigurationPlatforms) = postSolution
		{05DEEEF4-D417-4B25-AE46-DDD63BF3E451}.Debug|Any CPU.ActiveCfg = Debug|Any CPU
		{05DEEEF4-D417-4B25-AE46-DDD63BF3E451}.Debug|Any CPU.Build.0 = Debug|Any CPU
		{05DEEEF4-D417-4B25-AE46-DDD63BF3E451}.Release|Any CPU.ActiveCfg = Release|Any CPU
		{05DEEEF4-D417-4B25-AE46-DDD63BF3E451}.Release|Any CPU.Build.0 = Release|Any CPU
		{924FADAA-DF9E-48E9-BF5B-068D2BBB43A8}.Debug|Any CPU.ActiveCfg = Debug|Any CPU
		{924FADAA-DF9E-48E9-BF5B-068D2BBB43A8}.Debug|Any CPU.Build.0 = Debug|Any CPU
		{924FADAA-DF9E-48E9-BF5B-068D2BBB43A8}.Release|Any CPU.ActiveCfg = Release|Any CPU
		{924FADAA-DF9E-48E9-BF5B-068D2BBB43A8}.Release|Any CPU.Build.0 = Release|Any CPU
		{30C4A74A-1E4E-4DE1-9CD4-B1F438FB7E9F}.Debug|Any CPU.ActiveCfg = Debug|Any CPU
		{30C4A74A-1E4E-4DE1-9CD4-B1F438FB7E9F}.Debug|Any CPU.Build.0 = Debug|Any CPU
		{30C4A74A-1E4E-4DE1-9CD4-B1F438FB7E9F}.Release|Any CPU.ActiveCfg = Release|Any CPU
		{30C4A74A-1E4E-4DE1-9CD4-B1F438FB7E9F}.Release|Any CPU.Build.0 = Release|Any CPU
		{269D88C8-0462-4A7F-B3E8-D43D2E4E5846}.Debug|Any CPU.ActiveCfg = Debug|Any CPU
		{269D88C8-0462-4A7F-B3E8-D43D2E4E5846}.Debug|Any CPU.Build.0 = Debug|Any CPU
		{269D88C8-0462-4A7F-B3E8-D43D2E4E5846}.Release|Any CPU.ActiveCfg = Release|Any CPU
		{269D88C8-0462-4A7F-B3E8-D43D2E4E5846}.Release|Any CPU.Build.0 = Release|Any CPU
	EndGlobalSection
	GlobalSection(SolutionProperties) = preSolution
		HideSolutionNode = FALSE
	EndGlobalSection
	GlobalSection(ExtensibilityGlobals) = postSolution
		SolutionGuid = {5454DE58-3970-484F-B8ED-28A82B434E22}
	EndGlobalSection
EndGlobal
